
Microsoft Visual Studio Solution File, Format Version 12.00
# Visual Studio Version 17
VisualStudioVersion = 17.9.34714.143
MinimumVisualStudioVersion = 10.0.40219.1
Project("{FAE04EC0-301F-11D3-BF4B-00C04F79EFBC}") = "CSharpPracticeOne", "CSharpPracticeOne\CSharpPracticeOne.csproj", "{24EC65EC-D480-44F8-9841-373A086DD06B}"
EndProject
Global
	GlobalSection(SolutionConfigurationPlatforms) = preSolution
		Debug|Any CPU = Debug|Any CPU
		Release|Any CPU = Release|Any CPU
	EndGlobalSection
	GlobalSection(ProjectConfigurationPlatforms) = postSolution
		{24EC65EC-D480-44F8-9841-373A086DD06B}.Debug|Any CPU.ActiveCfg = Debug|Any CPU
		{24EC65EC-D480-44F8-9841-373A086DD06B}.Debug|Any CPU.Build.0 = Debug|Any CPU
		{24EC65EC-D480-44F8-9841-373A086DD06B}.Release|Any CPU.ActiveCfg = Release|Any CPU
		{24EC65EC-D480-44F8-9841-373A086DD06B}.Release|Any CPU.Build.0 = Release|Any CPU
	EndGlobalSection
	GlobalSection(SolutionProperties) = preSolution
		HideSolutionNode = FALSE
	EndGlobalSection
	GlobalSection(ExtensibilityGlobals) = postSolution
		SolutionGuid = {533FFDAB-8A88-4F9F-B4BE-AF2B01589060}
	EndGlobalSection
EndGlobal
